github.com/iancoleman/strcase v0.1.1 h1:2I+LRClyCYB7JgZb9U0k75VHUiQe9RfknRqDyUfzp7k=
github.com/iancoleman/strcase v0.1.1/go.mod h1:SK73tn/9oHe+/Y0h39VT4UCxmurVJkR5NA7kMEAOgSE=
github.com/spf13/pflag v1.0.5 h1:iy+VFUOCP1a+8yFto/drg2CJ5u0yRoB7fZw3DKv/JXA=
github.com/spf13/pflag v1.0.5/go.mod h1:McXfInJRrz4CZXVZOBLb0bTZqETkiAhM9Iw0y3An2Bg=
